<Solution>
  <Folder Name="/src/">
    <Project Path="ProductsFastEndpointsDemo.API\ProductsFastEndpointsDemo.API.csproj" />
  </Folder>
  <Folder Name="/tests/">
    <Project Path="ProductsFastEndpointsDemo.Infrastructure.UnitTests/ProductsFastEndpointsDemo.Infrastructure.UnitTests.csproj" />
  </Folder>
</Solution>
